
Microsoft Visual Studio Solution File, Format Version 12.00
# Visual Studio Version 17
VisualStudioVersion = 17.8.34330.188
MinimumVisualStudioVersion = 10.0.40219.1
Project("{FAE04EC0-301F-11D3-BF4B-00C04F79EFBC}") = "DevOps-Webscraper", "DevOps-Webscraper.csproj", "{47D7DE01-88C2-4198-AE4F-287C27D7C028}"
EndProject
Global
	GlobalSection(SolutionConfigurationPlatforms) = preSolution
		Debug|Any CPU = Debug|Any CPU
		Release|Any CPU = Release|Any CPU
	EndGlobalSection
	GlobalSection(ProjectConfigurationPlatforms) = postSolution
		{47D7DE01-88C2-4198-AE4F-287C27D7C028}.Debug|Any CPU.ActiveCfg = Debug|Any CPU
		{47D7DE01-88C2-4198-AE4F-287C27D7C028}.Debug|Any CPU.Build.0 = Debug|Any CPU
		{47D7DE01-88C2-4198-AE4F-287C27D7C028}.Release|Any CPU.ActiveCfg = Release|Any CPU
		{47D7DE01-88C2-4198-AE4F-287C27D7C028}.Release|Any CPU.Build.0 = Release|Any CPU
	EndGlobalSection
	GlobalSection(SolutionProperties) = preSolution
		HideSolutionNode = FALSE
	EndGlobalSection
	GlobalSection(ExtensibilityGlobals) = postSolution
		SolutionGuid = {BD8DF086-A1D3-492C-9723-5551C32C2567}
	EndGlobalSection
EndGlobal
